Microsoft Visual Studio Solution File, Format Version 12.00
# Visual Studio 14
VisualStudioVersion = 14.0.25420.1
MinimumVisualStudioVersion = 10.0.40219.1
Project("{F2A71F9B-5D33-465A-A702-920D77279786}") = "TrySharpYaml", "TrySharpYaml\TrySharpYaml.fsproj", "{1D760BCA-99B7-448C-9850-EFA024508F05}"
EndProject
Project("{FAE04EC0-301F-11D3-BF4B-00C04F79EFBC}") = "TrySharpYaml.Cs", "TrySharpYaml.Cs\TrySharpYaml.Cs.csproj", "{D904F6F3-B990-4F2E-AF24-2AB4AFAB30FE}"
EndProject
Global
	GlobalSection(SolutionConfigurationPlatforms) = preSolution
		Debug|Any CPU = Debug|Any CPU
		Release|Any CPU = Release|Any CPU
	EndGlobalSection
	GlobalSection(ProjectConfigurationPlatforms) = postSolution
		{1D760BCA-99B7-448C-9850-EFA024508F05}.Debug|Any CPU.ActiveCfg = Debug|Any CPU
		{1D760BCA-99B7-448C-9850-EFA024508F05}.Debug|Any CPU.Build.0 = Debug|Any CPU
		{1D760BCA-99B7-448C-9850-EFA024508F05}.Release|Any CPU.ActiveCfg = Release|Any CPU
		{1D760BCA-99B7-448C-9850-EFA024508F05}.Release|Any CPU.Build.0 = Release|Any CPU
		{D904F6F3-B990-4F2E-AF24-2AB4AFAB30FE}.Debug|Any CPU.ActiveCfg = Debug|Any CPU
		{D904F6F3-B990-4F2E-AF24-2AB4AFAB30FE}.Debug|Any CPU.Build.0 = Debug|Any CPU
		{D904F6F3-B990-4F2E-AF24-2AB4AFAB30FE}.Release|Any CPU.ActiveCfg = Release|Any CPU
		{D904F6F3-B990-4F2E-AF24-2AB4AFAB30FE}.Release|Any CPU.Build.0 = Release|Any CPU
	EndGlobalSection
	GlobalSection(SolutionProperties) = preSolution
		HideSolutionNode = FALSE
	EndGlobalSection
EndGlobal
